
Microsoft Visual Studio Solution File, Format Version 12.00
# Visual Studio Version 17
VisualStudioVersion = 17.5.33502.453
MinimumVisualStudioVersion = 10.0.40219.1
Project("{FAE04EC0-301F-11D3-BF4B-00C04F79EFBC}") = "ExcelDocumentForEmail", "ExcelDocumentForEmail\ExcelDocumentForEmail.csproj", "{AA8C4E65-6B5F-4600-A94E-3F8D4D984AC7}"
EndProject
Global
	GlobalSection(SolutionConfigurationPlatforms) = preSolution
		Debug|Any CPU = Debug|Any CPU
		Release|Any CPU = Release|Any CPU
	EndGlobalSection
	GlobalSection(ProjectConfigurationPlatforms) = postSolution
		{AA8C4E65-6B5F-4600-A94E-3F8D4D984AC7}.Debug|Any CPU.ActiveCfg = Debug|Any CPU
		{AA8C4E65-6B5F-4600-A94E-3F8D4D984AC7}.Debug|Any CPU.Build.0 = Debug|Any CPU
		{AA8C4E65-6B5F-4600-A94E-3F8D4D984AC7}.Release|Any CPU.ActiveCfg = Release|Any CPU
		{AA8C4E65-6B5F-4600-A94E-3F8D4D984AC7}.Release|Any CPU.Build.0 = Release|Any CPU
	EndGlobalSection
	GlobalSection(SolutionProperties) = preSolution
		HideSolutionNode = FALSE
	EndGlobalSection
	GlobalSection(ExtensibilityGlobals) = postSolution
		SolutionGuid = {7973B7F4-BFA0-481B-ACAB-361D7B597AB3}
	EndGlobalSection
EndGlobal
